github.com/HugoBlox/hugo-blox-builder/modules/blox-bootstrap/v5 v5.9.6 h1:EAnKwLLf27Wdl1IWpg0FpWiaAMuJyaTtBdvyUwJfU5c=
github.com/HugoBlox/hugo-blox-builder/modules/blox-bootstrap/v5 v5.9.6/go.mod h1:xZiTEEurbEwj/NhZohozvlyLCGVCT2wARHDAJeqKG/c=
github.com/HugoBlox/hugo-blox-builder/modules/blox-core v0.3.1/go.mod h1:So8+V2U+TNxlXmcpZfdDX0muLh3PdJ7z92h30sv3bZg=
github.com/HugoBlox/hugo-blox-builder/modules/blox-plugin-netlify v1.1.1 h1:qlDCZWq7OhuwLr7/rDPXe8iGxam2t1kgLabZ9EP0VqM=
github.com/HugoBlox/hugo-blox-builder/modules/blox-plugin-netlify v1.1.1/go.mod h1:C7jfxMLv1bEUqbM9XDSmEpfOpS8w06OgqNDEcbuRgL4=
github.com/HugoBlox/hugo-blox-builder/modules/blox-plugin-netlify v1.1.2-0.20231108141515-0478cf6921f9 h1:tGPIc1B6W43X1SXx+ahBCwYnDp3Ll6SEa5mEdABzxAE=
github.com/HugoBlox/hugo-blox-builder/modules/blox-plugin-netlify v1.1.2-0.20231108141515-0478cf6921f9/go.mod h1:C7jfxMLv1bEUqbM9XDSmEpfOpS8w06OgqNDEcbuRgL4=
github.com/HugoBlox/hugo-blox-builder/modules/blox-plugin-reveal v1.1.2 h1:AyH1pungA2xQDHOrXiIssKOVMY1/qoJUgwrGiK7TzJM=
github.com/HugoBlox/hugo-blox-builder/modules/blox-plugin-reveal v1.1.2/go.mod h1:F7quX1aEkV2pToTpmDBXOSTkytAnCKkqv/JFLclqa2g=
github.com/HugoBlox/hugo-blox-builder/modules/blox-seo v0.2.2/go.mod h1:NsESu6cEms1DgH84icCyylElg2Zu8A0f7Fma5JR0LZE=
github.com/wowchemy/wowchemy-hugo-modules/wowchemy-cms/v5 v5.0.0-20220322201716-d773f436c359 h1:8w5AVxrlJIEPwxW1m1SCuL2UNLmU4KaNcNV1q1bqUpY=
github.com/wowchemy/wowchemy-hugo-modules/wowchemy-cms/v5 v5.0.0-20220322201716-d773f436c359/go.mod h1:Sp/AKo+2HAPi/IPHp1MEdKPmee+mzO5+efUBUPLPqPE=
github.com/wowchemy/wowchemy-hugo-modules/wowchemy/v5 v5.0.0-20220322201716-d773f436c359 h1:SnTLWwKbZicL2OTIf1Fm0Hi9jgXMYOb660cSsltfr1s=
github.com/wowchemy/wowchemy-hugo-modules/wowchemy/v5 v5.0.0-20220322201716-d773f436c359/go.mod h1:2iL9rdrUYyJXX2BeHKfK+QbqZlubCsaR60nQ87NRQTY=
